// !$*UTF8*$!
{
	archiveVersion = 1;
	classes = {
	};
	objectVersion = 50;
	objects = {

/* Begin PBXBuildFile section */
		AC27D9EB2319BC60007B8F75 /* noise.wav in Resources */ = {isa = PBXBuildFile; fileRef = AC27D9E92319BC60007B8F75 /* noise.wav */; };
		AC27D9EC2319BC60007B8F75 /* clap.wav in Resources */ = {isa = PBXBuildFile; fileRef = AC27D9EA2319BC60007B8F75 /* clap.wav */; };
		AC428A3D2312DC5D006F0485 /* AppDelegate.swift in Sources */ = {isa = PBXBuildFile; fileRef = AC428A3C2312DC5D006F0485 /* AppDelegate.swift */; };
		AC428A432312DC5D006F0485 /* GameScene.swift in Sources */ = {isa = PBXBuildFile; fileRef = AC428A422312DC5D006F0485 /* GameScene.swift */; };
		AC428A452312DC5D006F0485 /* GameViewController.swift in Sources */ = {isa = PBXBuildFile; fileRef = AC428A442312DC5D006F0485 /* GameViewController.swift */; };
		AC428A482312DC5D006F0485 /* Main.storyboard in Resources */ = {isa = PBXBuildFile; fileRef = AC428A462312DC5D006F0485 /* Main.storyboard */; };
		AC428A4D2312DC5F006F0485 /* LaunchScreen.storyboard in Resources */ = {isa = PBXBuildFile; fileRef = AC428A4B2312DC5F006F0485 /* LaunchScreen.storyboard */; };
		AC428A592312E298006F0485 /* Settings.swift in Sources */ = {isa = PBXBuildFile; fileRef = AC428A582312E298006F0485 /* Settings.swift */; };
		AC428A5C231447F5006F0485 /* Montserrat-Black.ttf in Resources */ = {isa = PBXBuildFile; fileRef = AC428A5B231447F5006F0485 /* Montserrat-Black.ttf */; };
		AC502FD823181BB300837259 /* StoreKit.framework in Frameworks */ = {isa = PBXBuildFile; fileRef = AC502FD723181BB300837259 /* StoreKit.framework */; };
		AC502FDA2318299F00837259 /* AVFoundation.framework in Frameworks */ = {isa = PBXBuildFile; fileRef = AC502FD92318299F00837259 /* AVFoundation.framework */; };
		ACBBDF4D2316CBDB009C9E5B /* SettingScene.swift in Sources */ = {isa = PBXBuildFile; fileRef = ACBBDF4C2316CBDB009C9E5B /* SettingScene.swift */; };
		ACF1EC0423144D2F00B0564A /* Assets.xcassets in Resources */ = {isa = PBXBuildFile; fileRef = ACF1EC0323144D2F00B0564A /* Assets.xcassets */; };
		ACF1EC062314508800B0564A /* MenuScene.swift in Sources */ = {isa = PBXBuildFile; fileRef = ACF1EC052314508800B0564A /* MenuScene.swift */; };
		D3F8668F1F80D5FADC0A9CC3 /* Pods_CatchEm.framework in Frameworks */ = {isa = PBXBuildFile; fileRef = 98858F4DCDD8E7569FEBF3D2 /* Pods_CatchEm.framework */; };
/* End PBXBuildFile section */

/* Begin PBXFileReference section */
		2726C88D1268714275E939B2 /* Pods-CatchEm.release.xcconfig */ = {isa = PBXFileReference; includeInIndex = 1; lastKnownFileType = text.xcconfig; name = "Pods-CatchEm.release.xcconfig"; path = "Pods/Target Support Files/Pods-CatchEm/Pods-CatchEm.release.xcconfig"; sourceTree = "<group>"; };
		98858F4DCDD8E7569FEBF3D2 /* Pods_CatchEm.framework */ = {isa = PBXFileReference; explicitFileType = wrapper.framework; includeInIndex = 0; path = Pods_CatchEm.framework; sourceTree = BUILT_PRODUCTS_DIR; };
		AC27D9E92319BC60007B8F75 /* noise.wav */ = {isa = PBXFileReference; lastKnownFileType = audio.wav; path = noise.wav; sourceTree = "<group>"; };
		AC27D9EA2319BC60007B8F75 /* clap.wav */ = {isa = PBXFileReference; lastKnownFileType = audio.wav; path = clap.wav; sourceTree = "<group>"; };
		AC428A392312DC5D006F0485 /* CatchEm.app */ = {isa = PBXFileReference; explicitFileType = wrapper.application; includeInIndex = 0; path = CatchEm.app; sourceTree = BUILT_PRODUCTS_DIR; };
		AC428A3C2312DC5D006F0485 /* AppDelegate.swift */ = {isa = PBXFileReference; lastKnownFileType = sourcecode.swift; path = AppDelegate.swift; sourceTree = "<group>"; };
		AC428A422312DC5D006F0485 /* GameScene.swift */ = {isa = PBXFileReference; lastKnownFileType = sourcecode.swift; path = GameScene.swift; sourceTree = "<group>"; };
		AC428A442312DC5D006F0485 /* GameViewController.swift */ = {isa = PBXFileReference; lastKnownFileType = sourcecode.swift; path = GameViewController.swift; sourceTree = "<group>"; };
		AC428A472312DC5D006F0485 /* Base */ = {isa = PBXFileReference; lastKnownFileType = file.storyboard; name = Base; path = Base.lproj/Main.storyboard; sourceTree = "<group>"; };
		AC428A4C2312DC5F006F0485 /* Base */ = {isa = PBXFileReference; lastKnownFileType = file.storyboard; name = Base; path = Base.lproj/LaunchScreen.storyboard; sourceTree = "<group>"; };
		AC428A4E2312DC5F006F0485 /* Info.plist */ = {isa = PBXFileReference; lastKnownFileType = text.plist.xml; path = Info.plist; sourceTree = "<group>"; };
		AC428A582312E298006F0485 /* Settings.swift */ = {isa = PBXFileReference; lastKnownFileType = sourcecode.swift; path = Settings.swift; sourceTree = "<group>"; };
		AC428A5B231447F5006F0485 /* Montserrat-Black.ttf */ = {isa = PBXFileReference; lastKnownFileType = file; path = "Montserrat-Black.ttf"; sourceTree = "<group>"; };
		AC502FD723181BB300837259 /* StoreKit.framework */ = {isa = PBXFileReference; lastKnownFileType = wrapper.framework; name = StoreKit.framework; path = System/Library/Frameworks/StoreKit.framework; sourceTree = SDKROOT; };
		AC502FD92318299F00837259 /* AVFoundation.framework */ = {isa = PBXFileReference; lastKnownFileType = wrapper.framework; name = AVFoundation.framework; path = System/Library/Frameworks/AVFoundation.framework; sourceTree = SDKROOT; };
		ACBBDF4C2316CBDB009C9E5B /* SettingScene.swift */ = {isa = PBXFileReference; lastKnownFileType = sourcecode.swift; path = SettingScene.swift; sourceTree = "<group>"; };
		ACF1EC0323144D2F00B0564A /* Assets.xcassets */ = {isa = PBXFileReference; lastKnownFileType = folder.assetcatalog; path = Assets.xcassets; sourceTree = "<group>"; };
		ACF1EC052314508800B0564A /* MenuScene.swift */ = {isa = PBXFileReference; lastKnownFileType = sourcecode.swift; path = MenuScene.swift; sourceTree = "<group>"; };
		FC570865E120A4AB8BA92556 /* Pods-CatchEm.debug.xcconfig */ = {isa = PBXFileReference; includeInIndex = 1; lastKnownFileType = text.xcconfig; name = "Pods-CatchEm.debug.xcconfig"; path = "Pods/Target Support Files/Pods-CatchEm/Pods-CatchEm.debug.xcconfig"; sourceTree = "<group>"; };
/* End PBXFileReference section */

/* Begin PBXFrameworksBuildPhase section */
		AC428A362312DC5D006F0485 /* Frameworks */ = {
			isa = PBXFrameworksBuildPhase;
			buildActionMask = 2147483647;
			files = (
				AC502FDA2318299F00837259 /* AVFoundation.framework in Frameworks */,
				D3F8668F1F80D5FADC0A9CC3 /* Pods_CatchEm.framework in Frameworks */,
				AC502FD823181BB300837259 /* StoreKit.framework in Frameworks */,
			);
			runOnlyForDeploymentPostprocessing = 0;
		};
/* End PBXFrameworksBuildPhase section */

/* Begin PBXGroup section */
		8279E931D763243AE9A833A1 /* Frameworks */ = {
			isa = PBXGroup;
			children = (
				AC502FD92318299F00837259 /* AVFoundation.framework */,
				AC502FD723181BB300837259 /* StoreKit.framework */,
				98858F4DCDD8E7569FEBF3D2 /* Pods_CatchEm.framework */,
			);
			name = Frameworks;
			sourceTree = "<group>";
		};
		AC428A302312DC5D006F0485 = {
			isa = PBXGroup;
			children = (
				AC428A3B2312DC5D006F0485 /* CatchEm */,
				AC428A3A2312DC5D006F0485 /* Products */,
				D29B6207F564E506492FA8D5 /* Pods */,
				8279E931D763243AE9A833A1 /* Frameworks */,
			);
			sourceTree = "<group>";
		};
		AC428A3A2312DC5D006F0485 /* Products */ = {
			isa = PBXGroup;
			children = (
				AC428A392312DC5D006F0485 /* CatchEm.app */,
			);
			name = Products;
			sourceTree = "<group>";
		};
		AC428A3B2312DC5D006F0485 /* CatchEm */ = {
			isa = PBXGroup;
			children = (
				AC502FDB231829AA00837259 /* Sounds */,
				ACF1EC0323144D2F00B0564A /* Assets.xcassets */,
				AC428A5A231447B5006F0485 /* Fonts */,
				AC428A4E2312DC5F006F0485 /* Info.plist */,
				AC428A572312DEF0006F0485 /* Assets */,
				AC428A562312DEE5006F0485 /* Template */,
				AC428A552312DEDA006F0485 /* Scenes */,
				AC428A542312DECD006F0485 /* ViewController */,
			);
			path = CatchEm;
			sourceTree = "<group>";
		};
		AC428A542312DECD006F0485 /* ViewController */ = {
			isa = PBXGroup;
			children = (
				AC428A442312DC5D006F0485 /* GameViewController.swift */,
			);
			path = ViewController;
			sourceTree = "<group>";
		};
		AC428A552312DEDA006F0485 /* Scenes */ = {
			isa = PBXGroup;
			children = (
				AC428A422312DC5D006F0485 /* GameScene.swift */,
				ACF1EC052314508800B0564A /* MenuScene.swift */,
				ACBBDF4C2316CBDB009C9E5B /* SettingScene.swift */,
			);
			path = Scenes;
			sourceTree = "<group>";
		};
		AC428A562312DEE5006F0485 /* Template */ = {
			isa = PBXGroup;
			children = (
				AC428A3C2312DC5D006F0485 /* AppDelegate.swift */,
				AC428A582312E298006F0485 /* Settings.swift */,
			);
			path = Template;
			sourceTree = "<group>";
		};
		AC428A572312DEF0006F0485 /* Assets */ = {
			isa = PBXGroup;
			children = (
				AC428A462312DC5D006F0485 /* Main.storyboard */,
				AC428A4B2312DC5F006F0485 /* LaunchScreen.storyboard */,
			);
			path = Assets;
			sourceTree = "<group>";
		};
		AC428A5A231447B5006F0485 /* Fonts */ = {
			isa = PBXGroup;
			children = (
				AC428A5B231447F5006F0485 /* Montserrat-Black.ttf */,
			);
			path = Fonts;
			sourceTree = "<group>";
		};
		AC502FDB231829AA00837259 /* Sounds */ = {
			isa = PBXGroup;
			children = (
				AC27D9EA2319BC60007B8F75 /* clap.wav */,
				AC27D9E92319BC60007B8F75 /* noise.wav */,
			);
			path = Sounds;
			sourceTree = "<group>";
		};
		D29B6207F564E506492FA8D5 /* Pods */ = {
			isa = PBXGroup;
			children = (
				FC570865E120A4AB8BA92556 /* Pods-CatchEm.debug.xcconfig */,
				2726C88D1268714275E939B2 /* Pods-CatchEm.release.xcconfig */,
			);
			name = Pods;
			sourceTree = "<group>";
		};
/* End PBXGroup section */

/* Begin PBXNativeTarget section */
		AC428A382312DC5D006F0485 /* CatchEm */ = {
			isa = PBXNativeTarget;
			buildConfigurationList = AC428A512312DC5F006F0485 /* Build configuration list for PBXNativeTarget "CatchEm" */;
			buildPhases = (
				8403C5010EC53E5D3DB6A078 /* [CP] Check Pods Manifest.lock */,
				AC428A352312DC5D006F0485 /* Sources */,
				AC428A362312DC5D006F0485 /* Frameworks */,
				AC428A372312DC5D006F0485 /* Resources */,
				C28DE654BF39BB2CB5BF50E2 /* [CP] Embed Pods Frameworks */,
			);
			buildRules = (
			);
			dependencies = (
			);
			name = CatchEm;
			productName = CatchEm;
			productReference = AC428A392312DC5D006F0485 /* CatchEm.app */;
			productType = "com.apple.product-type.application";
		};
/* End PBXNativeTarget section */

/* Begin PBXProject section */
		AC428A312312DC5D006F0485 /* Project object */ = {
			isa = PBXProject;
			attributes = {
				LastSwiftUpdateCheck = 1030;
				LastUpgradeCheck = 1030;
				ORGANIZATIONNAME = "Mark Tiddy";
				TargetAttributes = {
					AC428A382312DC5D006F0485 = {
						CreatedOnToolsVersion = 10.3;
						SystemCapabilities = {
							com.apple.InAppPurchase = {
								enabled = 1;
							};
						};
					};
				};
			};
			buildConfigurationList = AC428A342312DC5D006F0485 /* Build configuration list for PBXProject "CatchEm" */;
			compatibilityVersion = "Xcode 9.3";
			developmentRegion = en;
			hasScannedForEncodings = 0;
			knownRegions = (
				en,
				Base,
			);
			mainGroup = AC428A302312DC5D006F0485;
			productRefGroup = AC428A3A2312DC5D006F0485 /* Products */;
			projectDirPath = "";
			projectRoot = "";
			targets = (
				AC428A382312DC5D006F0485 /* CatchEm */,
			);
		};
/* End PBXProject section */

/* Begin PBXResourcesBuildPhase section */
		AC428A372312DC5D006F0485 /* Resources */ = {
			isa = PBXResourcesBuildPhase;
			buildActionMask = 2147483647;
			files = (
				AC428A482312DC5D006F0485 /* Main.storyboard in Resources */,
				AC428A5C231447F5006F0485 /* Montserrat-Black.ttf in Resources */,
				AC27D9EB2319BC60007B8F75 /* noise.wav in Resources */,
				AC27D9EC2319BC60007B8F75 /* clap.wav in Resources */,
				ACF1EC0423144D2F00B0564A /* Assets.xcassets in Resources */,
				AC428A4D2312DC5F006F0485 /* LaunchScreen.storyboard in Resources */,
			);
			runOnlyForDeploymentPostprocessing = 0;
		};
/* End PBXResourcesBuildPhase section */

/* Begin PBXShellScriptBuildPhase section */
		8403C5010EC53E5D3DB6A078 /* [CP] Check Pods Manifest.lock */ = {
			isa = PBXShellScriptBuildPhase;
			buildActionMask = 2147483647;
			files = (
			);
			inputPaths = (
				"${PODS_PODFILE_DIR_PATH}/Podfile.lock",
				"${PODS_ROOT}/Manifest.lock",
			);
			name = "[CP] Check Pods Manifest.lock";
			outputPaths = (
				"$(DERIVED_FILE_DIR)/Pods-CatchEm-checkManifestLockResult.txt",
			);
			runOnlyForDeploymentPostprocessing = 0;
			shellPath = /bin/sh;
			shellScript = "diff \"${PODS_PODFILE_DIR_PATH}/Podfile.lock\" \"${PODS_ROOT}/Manifest.lock\" > /dev/null\nif [ $? != 0 ] ; then\n    # print error to STDERR\n    echo \"error: The sandbox is not in sync with the Podfile.lock. Run 'pod install' or update your CocoaPods installation.\" >&2\n    exit 1\nfi\n# This output is used by Xcode 'outputs' to avoid re-running this script phase.\necho \"SUCCESS\" > \"${SCRIPT_OUTPUT_FILE_0}\"\n";
			showEnvVarsInLog = 0;
		};
		C28DE654BF39BB2CB5BF50E2 /* [CP] Embed Pods Frameworks */ = {
			isa = PBXShellScriptBuildPhase;
			buildActionMask = 2147483647;
			files = (
			);
			inputPaths = (
				"${SRCROOT}/Pods/Target Support Files/Pods-CatchEm/Pods-CatchEm-frameworks.sh",
				"${BUILT_PRODUCTS_DIR}/DeviceUtil/DeviceUtil.framework",
				"${BUILT_PRODUCTS_DIR}/GoogleUtilities/GoogleUtilities.framework",
				"${BUILT_PRODUCTS_DIR}/nanopb/nanopb.framework",
			);
			name = "[CP] Embed Pods Frameworks";
			outputPaths = (
				"${TARGET_BUILD_DIR}/${FRAMEWORKS_FOLDER_PATH}/DeviceUtil.framework",
				"${TARGET_BUILD_DIR}/${FRAMEWORKS_FOLDER_PATH}/GoogleUtilities.framework",
				"${TARGET_BUILD_DIR}/${FRAMEWORKS_FOLDER_PATH}/nanopb.framework",
			);
			runOnlyForDeploymentPostprocessing = 0;
			shellPath = /bin/sh;
			shellScript = "\"${SRCROOT}/Pods/Target Support Files/Pods-CatchEm/Pods-CatchEm-frameworks.sh\"\n";
			showEnvVarsInLog = 0;
		};
/* End PBXShellScriptBuildPhase section */

/* Begin PBXSourcesBuildPhase section */
		AC428A352312DC5D006F0485 /* Sources */ = {
			isa = PBXSourcesBuildPhase;
			buildActionMask = 2147483647;
			files = (
				AC428A432312DC5D006F0485 /* GameScene.swift in Sources */,
				AC428A452312DC5D006F0485 /* GameViewController.swift in Sources */,
				ACF1EC062314508800B0564A /* MenuScene.swift in Sources */,
				AC428A592312E298006F0485 /* Settings.swift in Sources */,
				AC428A3D2312DC5D006F0485 /* AppDelegate.swift in Sources */,
				ACBBDF4D2316CBDB009C9E5B /* SettingScene.swift in Sources */,
			);
			runOnlyForDeploymentPostprocessing = 0;
		};
/* End PBXSourcesBuildPhase section */

/* Begin PBXVariantGroup section */
		AC428A462312DC5D006F0485 /* Main.storyboard */ = {
			isa = PBXVariantGroup;
			children = (
				AC428A472312DC5D006F0485 /* Base */,
			);
			name = Main.storyboard;
			sourceTree = "<group>";
		};
		AC428A4B2312DC5F006F0485 /* LaunchScreen.storyboard */ = {
			isa = PBXVariantGroup;
			children = (
				AC428A4C2312DC5F006F0485 /* Base */,
			);
			name = LaunchScreen.storyboard;
			sourceTree = "<group>";
		};
/* End PBXVariantGroup section */

/* Begin XCBuildConfiguration section */
		AC428A4F2312DC5F006F0485 /* Debug */ = {
			isa = XCBuildConfiguration;
			buildSettings = {
				ALWAYS_SEARCH_USER_PATHS = NO;
				CLANG_ANALYZER_NONNULL = YES;
				CLANG_ANALYZER_NUMBER_OBJECT_CONVERSION = YES_AGGRESSIVE;
				CLANG_CXX_LANGUAGE_STANDARD = "gnu++14";
				CLANG_CXX_LIBRARY = "libc++";
				CLANG_ENABLE_MODULES = YES;
				CLANG_ENABLE_OBJC_ARC = YES;
				CLANG_ENABLE_OBJC_WEAK = YES;
				CLANG_WARN_BLOCK_CAPTURE_AUTORELEASING = YES;
				CLANG_WARN_BOOL_CONVERSION = YES;
				CLANG_WARN_COMMA = YES;
				CLANG_WARN_CONSTANT_CONVERSION = YES;
				CLANG_WARN_DEPRECATED_OBJC_IMPLEMENTATIONS = YES;
				CLANG_WARN_DIRECT_OBJC_ISA_USAGE = YES_ERROR;
				CLANG_WARN_DOCUMENTATION_COMMENTS = YES;
				CLANG_WARN_EMPTY_BODY = YES;
				CLANG_WARN_ENUM_CONVERSION = YES;
				CLANG_WARN_INFINITE_RECURSION = YES;
				CLANG_WARN_INT_CONVERSION = YES;
				CLANG_WARN_NON_LITERAL_NULL_CONVERSION = YES;
				CLANG_WARN_OBJC_IMPLICIT_RETAIN_SELF = YES;
				CLANG_WARN_OBJC_LITERAL_CONVERSION = YES;
				CLANG_WARN_OBJC_ROOT_CLASS = YES_ERROR;
				CLANG_WARN_RANGE_LOOP_ANALYSIS = YES;
				CLANG_WARN_STRICT_PROTOTYPES = YES;
				CLANG_WARN_SUSPICIOUS_MOVE = YES;
				CLANG_WARN_UNGUARDED_AVAILABILITY = YES_AGGRESSIVE;
				CLANG_WARN_UNREACHABLE_CODE = YES;
				CLANG_WARN__DUPLICATE_METHOD_MATCH = YES;
				CODE_SIGN_IDENTITY = "iPhone Developer";
				COPY_PHASE_STRIP = NO;
				DEBUG_INFORMATION_FORMAT = dwarf;
				ENABLE_STRICT_OBJC_MSGSEND = YES;
				ENABLE_TESTABILITY = YES;
				GCC_C_LANGUAGE_STANDARD = gnu11;
				GCC_DYNAMIC_NO_PIC = NO;
				GCC_NO_COMMON_BLOCKS = YES;
				GCC_OPTIMIZATION_LEVEL = 0;
				GCC_PREPROCESSOR_DEFINITIONS = (
					"DEBUG=1",
					"$(inherited)",
				);
				GCC_WARN_64_TO_32_BIT_CONVERSION = YES;
				GCC_WARN_ABOUT_RETURN_TYPE = YES_ERROR;
				GCC_WARN_UNDECLARED_SELECTOR = YES;
				GCC_WARN_UNINITIALIZED_AUTOS = YES_AGGRESSIVE;
				GCC_WARN_UNUSED_FUNCTION = YES;
				GCC_WARN_UNUSED_VARIABLE = YES;
				IPHONEOS_DEPLOYMENT_TARGET = 12.4;
				MTL_ENABLE_DEBUG_INFO = INCLUDE_SOURCE;
				MTL_FAST_MATH = YES;
				ONLY_ACTIVE_ARCH = YES;
				SDKROOT = iphoneos;
				SWIFT_ACTIVE_COMPILATION_CONDITIONS = DEBUG;
				SWIFT_OPTIMIZATION_LEVEL = "-Onone";
			};
			name = Debug;
		};
		AC428A502312DC5F006F0485 /* Release */ = {
			isa = XCBuildConfiguration;
			buildSettings = {
				ALWAYS_SEARCH_USER_PATHS = NO;
				CLANG_ANALYZER_NONNULL = YES;
				CLANG_ANALYZER_NUMBER_OBJECT_CONVERSION = YES_AGGRESSIVE;
				CLANG_CXX_LANGUAGE_STANDARD = "gnu++14";
				CLANG_CXX_LIBRARY = "libc++";
				CLANG_ENABLE_MODULES = YES;
				CLANG_ENABLE_OBJC_ARC = YES;
				CLANG_ENABLE_OBJC_WEAK = YES;
				CLANG_WARN_BLOCK_CAPTURE_AUTORELEASING = YES;
				CLANG_WARN_BOOL_CONVERSION = YES;
				CLANG_WARN_COMMA = YES;
				CLANG_WARN_CONSTANT_CONVERSION = YES;
				CLANG_WARN_DEPRECATED_OBJC_IMPLEMENTATIONS = YES;
				CLANG_WARN_DIRECT_OBJC_ISA_USAGE = YES_ERROR;
				CLANG_WARN_DOCUMENTATION_COMMENTS = YES;
				CLANG_WARN_EMPTY_BODY = YES;
				CLANG_WARN_ENUM_CONVERSION = YES;
				CLANG_WARN_INFINITE_RECURSION = YES;
				CLANG_WARN_INT_CONVERSION = YES;
				CLANG_WARN_NON_LITERAL_NULL_CONVERSION = YES;
				CLANG_WARN_OBJC_IMPLICIT_RETAIN_SELF = YES;
				CLANG_WARN_OBJC_LITERAL_CONVERSION = YES;
				CLANG_WARN_OBJC_ROOT_CLASS = YES_ERROR;
				CLANG_WARN_RANGE_LOOP_ANALYSIS = YES;
				CLANG_WARN_STRICT_PROTOTYPES = YES;
				CLANG_WARN_SUSPICIOUS_MOVE = YES;
				CLANG_WARN_UNGUARDED_AVAILABILITY = YES_AGGRESSIVE;
				CLANG_WARN_UNREACHABLE_CODE = YES;
				CLANG_WARN__DUPLICATE_METHOD_MATCH = YES;
				CODE_SIGN_IDENTITY = "iPhone Developer";
				COPY_PHASE_STRIP = NO;
				DEBUG_INFORMATION_FORMAT = "dwarf-with-dsym";
				ENABLE_NS_ASSERTIONS = NO;
				ENABLE_STRICT_OBJC_MSGSEND = YES;
				GCC_C_LANGUAGE_STANDARD = gnu11;
				GCC_NO_COMMON_BLOCKS = YES;
				GCC_WARN_64_TO_32_BIT_CONVERSION = YES;
				GCC_WARN_ABOUT_RETURN_TYPE = YES_ERROR;
				GCC_WARN_UNDECLARED_SELECTOR = YES;
				GCC_WARN_UNINITIALIZED_AUTOS = YES_AGGRESSIVE;
				GCC_WARN_UNUSED_FUNCTION = YES;
				GCC_WARN_UNUSED_VARIABLE = YES;
				IPHONEOS_DEPLOYMENT_TARGET = 12.4;
				MTL_ENABLE_DEBUG_INFO = NO;
				MTL_FAST_MATH = YES;
				SDKROOT = iphoneos;
				SWIFT_COMPILATION_MODE = wholemodule;
				SWIFT_OPTIMIZATION_LEVEL = "-O";
				VALIDATE_PRODUCT = YES;
			};
			name = Release;
		};
		AC428A522312DC5F006F0485 /* Debug */ = {
			isa = XCBuildConfiguration;
			baseConfigurationReference = FC570865E120A4AB8BA92556 /* Pods-CatchEm.debug.xcconfig */;
			buildSettings = {
				ASSETCATALOG_COMPILER_APPICON_NAME = AppIcon;
				CODE_SIGN_STYLE = Automatic;
				DEVELOPMENT_TEAM = H3U3EZR867;
				INFOPLIST_FILE = CatchEm/Info.plist;
				LD_RUNPATH_SEARCH_PATHS = (
					"$(inherited)",
					"@executable_path/Frameworks",
				);
				PRODUCT_BUNDLE_IDENTIFIER = com.mrtmedia.CatchEm;
				PRODUCT_NAME = "$(TARGET_NAME)";
				SWIFT_VERSION = 5.0;
				TARGETED_DEVICE_FAMILY = 1;
			};
			name = Debug;
		};
		AC428A532312DC5F006F0485 /* Release */ = {
			isa = XCBuildConfiguration;
			baseConfigurationReference = 2726C88D1268714275E939B2 /* Pods-CatchEm.release.xcconfig */;
			buildSettings = {
				ASSETCATALOG_COMPILER_APPICON_NAME = AppIcon;
				CODE_SIGN_STYLE = Automatic;
				DEVELOPMENT_TEAM = H3U3EZR867;
				INFOPLIST_FILE = CatchEm/Info.plist;
				LD_RUNPATH_SEARCH_PATHS = (
					"$(inherited)",
					"@executable_path/Frameworks",
				);
				PRODUCT_BUNDLE_IDENTIFIER = com.mrtmedia.CatchEm;
				PRODUCT_NAME = "$(TARGET_NAME)";
				SWIFT_VERSION = 5.0;
				TARGETED_DEVICE_FAMILY = 1;
			};
			name = Release;
		};
/* End XCBuildConfiguration section */

/* Begin XCConfigurationList section */
		AC428A342312DC5D006F0485 /* Build configuration list for PBXProject "CatchEm" */ = {
			isa = XCConfigurationList;
			buildConfigurations = (
				AC428A4F2312DC5F006F0485 /* Debug */,
				AC428A502312DC5F006F0485 /* Release */,
			);
			defaultConfigurationIsVisible = 0;
			defaultConfigurationName = Release;
		};
		AC428A512312DC5F006F0485 /* Build configuration list for PBXNativeTarget "CatchEm" */ = {
			isa = XCConfigurationList;
			buildConfigurations = (
				AC428A522312DC5F006F0485 /* Debug */,
				AC428A532312DC5F006F0485 /* Release */,
			);
			defaultConfigurationIsVisible = 0;
			defaultConfigurationName = Release;
		};
/* End XCConfigurationList section */
	};
	rootObject = AC428A312312DC5D006F0485 /* Project object */;
}
