// !$*UTF8*$!
{
	archiveVersion = 1;
	classes = {
	};
	objectVersion = 50;
	objects = {

/* Begin PBXBuildFile section */
		AC428A3D2312DC5D006F0485 /* AppDelegate.swift in Sources */ = {isa = PBXBuildFile; fileRef = AC428A3C2312DC5D006F0485 /* AppDelegate.swift */; };
		AC428A3F2312DC5D006F0485 /* GameScene.sks in Resources */ = {isa = PBXBuildFile; fileRef = AC428A3E2312DC5D006F0485 /* GameScene.sks */; };
		AC428A412312DC5D006F0485 /* Actions.sks in Resources */ = {isa = PBXBuildFile; fileRef = AC428A402312DC5D006F0485 /* Actions.sks */; };
		AC428A432312DC5D006F0485 /* GameScene.swift in Sources */ = {isa = PBXBuildFile; fileRef = AC428A422312DC5D006F0485 /* GameScene.swift */; };
		AC428A452312DC5D006F0485 /* GameViewController.swift in Sources */ = {isa = PBXBuildFile; fileRef = AC428A442312DC5D006F0485 /* GameViewController.swift */; };
		AC428A482312DC5D006F0485 /* Main.storyboard in Resources */ = {isa = PBXBuildFile; fileRef = AC428A462312DC5D006F0485 /* Main.storyboard */; };
		AC428A4A2312DC5F006F0485 /* Assets.xcassets in Resources */ = {isa = PBXBuildFile; fileRef = AC428A492312DC5F006F0485 /* Assets.xcassets */; };
		AC428A4D2312DC5F006F0485 /* LaunchScreen.storyboard in Resources */ = {isa = PBXBuildFile; fileRef = AC428A4B2312DC5F006F0485 /* LaunchScreen.storyboard */; };
/* End PBXBuildFile section */

/* Begin PBXFileReference section */
		AC428A392312DC5D006F0485 /* CatchEm.app */ = {isa = PBXFileReference; explicitFileType = wrapper.application; includeInIndex = 0; path = CatchEm.app; sourceTree = BUILT_PRODUCTS_DIR; };
		AC428A3C2312DC5D006F0485 /* AppDelegate.swift */ = {isa = PBXFileReference; lastKnownFileType = sourcecode.swift; path = AppDelegate.swift; sourceTree = "<group>"; };
		AC428A3E2312DC5D006F0485 /* GameScene.sks */ = {isa = PBXFileReference; lastKnownFileType = file.sks; path = GameScene.sks; sourceTree = "<group>"; };
		AC428A402312DC5D006F0485 /* Actions.sks */ = {isa = PBXFileReference; lastKnownFileType = file.sks; path = Actions.sks; sourceTree = "<group>"; };
		AC428A422312DC5D006F0485 /* GameScene.swift */ = {isa = PBXFileReference; lastKnownFileType = sourcecode.swift; path = GameScene.swift; sourceTree = "<group>"; };
		AC428A442312DC5D006F0485 /* GameViewController.swift */ = {isa = PBXFileReference; lastKnownFileType = sourcecode.swift; path = GameViewController.swift; sourceTree = "<group>"; };
		AC428A472312DC5D006F0485 /* Base */ = {isa = PBXFileReference; lastKnownFileType = file.storyboard; name = Base; path = Base.lproj/Main.storyboard; sourceTree = "<group>"; };
		AC428A492312DC5F006F0485 /* Assets.xcassets */ = {isa = PBXFileReference; lastKnownFileType = folder.assetcatalog; path = Assets.xcassets; sourceTree = "<group>"; };
		AC428A4C2312DC5F006F0485 /* Base */ = {isa = PBXFileReference; lastKnownFileType = file.storyboard; name = Base; path = Base.lproj/LaunchScreen.storyboard; sourceTree = "<group>"; };
		AC428A4E2312DC5F006F0485 /* Info.plist */ = {isa = PBXFileReference; lastKnownFileType = text.plist.xml; path = Info.plist; sourceTree = "<group>"; };
/* End PBXFileReference section */

/* Begin PBXFrameworksBuildPhase section */
		AC428A362312DC5D006F0485 /* Frameworks */ = {
			isa = PBXFrameworksBuildPhase;
			buildActionMask = 2147483647;
			files = (
			);
			runOnlyForDeploymentPostprocessing = 0;
		};
/* End PBXFrameworksBuildPhase section */

/* Begin PBXGroup section */
		AC428A302312DC5D006F0485 = {
			isa = PBXGroup;
			children = (
				AC428A3B2312DC5D006F0485 /* CatchEm */,
				AC428A3A2312DC5D006F0485 /* Products */,
			);
			sourceTree = "<group>";
		};
		AC428A3A2312DC5D006F0485 /* Products */ = {
			isa = PBXGroup;
			children = (
				AC428A392312DC5D006F0485 /* CatchEm.app */,
			);
			name = Products;
			sourceTree = "<group>";
		};
		AC428A3B2312DC5D006F0485 /* CatchEm */ = {
			isa = PBXGroup;
			children = (
				AC428A3C2312DC5D006F0485 /* AppDelegate.swift */,
				AC428A3E2312DC5D006F0485 /* GameScene.sks */,
				AC428A402312DC5D006F0485 /* Actions.sks */,
				AC428A422312DC5D006F0485 /* GameScene.swift */,
				AC428A442312DC5D006F0485 /* GameViewController.swift */,
				AC428A462312DC5D006F0485 /* Main.storyboard */,
				AC428A492312DC5F006F0485 /* Assets.xcassets */,
				AC428A4B2312DC5F006F0485 /* LaunchScreen.storyboard */,
				AC428A4E2312DC5F006F0485 /* Info.plist */,
			);
			path = CatchEm;
			sourceTree = "<group>";
		};
/* End PBXGroup section */

/* Begin PBXNativeTarget section */
		AC428A382312DC5D006F0485 /* CatchEm */ = {
			isa = PBXNativeTarget;
			buildConfigurationList = AC428A512312DC5F006F0485 /* Build configuration list for PBXNativeTarget "CatchEm" */;
			buildPhases = (
				AC428A352312DC5D006F0485 /* Sources */,
				AC428A362312DC5D006F0485 /* Frameworks */,
				AC428A372312DC5D006F0485 /* Resources */,
			);
			buildRules = (
			);
			dependencies = (
			);
			name = CatchEm;
			productName = CatchEm;
			productReference = AC428A392312DC5D006F0485 /* CatchEm.app */;
			productType = "com.apple.product-type.application";
		};
/* End PBXNativeTarget section */

/* Begin PBXProject section */
		AC428A312312DC5D006F0485 /* Project object */ = {
			isa = PBXProject;
			attributes = {
				LastSwiftUpdateCheck = 1030;
				LastUpgradeCheck = 1030;
				ORGANIZATIONNAME = "Mark Tiddy";
				TargetAttributes = {
					AC428A382312DC5D006F0485 = {
						CreatedOnToolsVersion = 10.3;
					};
				};
			};
			buildConfigurationList = AC428A342312DC5D006F0485 /* Build configuration list for PBXProject "CatchEm" */;
			compatibilityVersion = "Xcode 9.3";
			developmentRegion = en;
			hasScannedForEncodings = 0;
			knownRegions = (
				en,
				Base,
			);
			mainGroup = AC428A302312DC5D006F0485;
			productRefGroup = AC428A3A2312DC5D006F0485 /* Products */;
			projectDirPath = "";
			projectRoot = "";
			targets = (
				AC428A382312DC5D006F0485 /* CatchEm */,
			);
		};
/* End PBXProject section */

/* Begin PBXResourcesBuildPhase section */
		AC428A372312DC5D006F0485 /* Resources */ = {
			isa = PBXResourcesBuildPhase;
			buildActionMask = 2147483647;
			files = (
				AC428A482312DC5D006F0485 /* Main.storyboard in Resources */,
				AC428A3F2312DC5D006F0485 /* GameScene.sks in Resources */,
				AC428A4A2312DC5F006F0485 /* Assets.xcassets in Resources */,
				AC428A4D2312DC5F006F0485 /* LaunchScreen.storyboard in Resources */,
				AC428A412312DC5D006F0485 /* Actions.sks in Resources */,
			);
			runOnlyForDeploymentPostprocessing = 0;
		};
/* End PBXResourcesBuildPhase section */

/* Begin PBXSourcesBuildPhase section */
		AC428A352312DC5D006F0485 /* Sources */ = {
			isa = PBXSourcesBuildPhase;
			buildActionMask = 2147483647;
			files = (
				AC428A432312DC5D006F0485 /* GameScene.swift in Sources */,
				AC428A452312DC5D006F0485 /* GameViewController.swift in Sources */,
				AC428A3D2312DC5D006F0485 /* AppDelegate.swift in Sources */,
			);
			runOnlyForDeploymentPostprocessing = 0;
		};
/* End PBXSourcesBuildPhase section */

/* Begin PBXVariantGroup section */
		AC428A462312DC5D006F0485 /* Main.storyboard */ = {
			isa = PBXVariantGroup;
			children = (
				AC428A472312DC5D006F0485 /* Base */,
			);
			name = Main.storyboard;
			sourceTree = "<group>";
		};
		AC428A4B2312DC5F006F0485 /* LaunchScreen.storyboard */ = {
			isa = PBXVariantGroup;
			children = (
				AC428A4C2312DC5F006F0485 /* Base */,
			);
			name = LaunchScreen.storyboard;
			sourceTree = "<group>";
		};
/* End PBXVariantGroup section */

/* Begin XCBuildConfiguration section */
		AC428A4F2312DC5F006F0485 /* Debug */ = {
			isa = XCBuildConfiguration;
			buildSettings = {
				ALWAYS_SEARCH_USER_PATHS = NO;
				CLANG_ANALYZER_NONNULL = YES;
				CLANG_ANALYZER_NUMBER_OBJECT_CONVERSION = YES_AGGRESSIVE;
				CLANG_CXX_LANGUAGE_STANDARD = "gnu++14";
				CLANG_CXX_LIBRARY = "libc++";
				CLANG_ENABLE_MODULES = YES;
				CLANG_ENABLE_OBJC_ARC = YES;
				CLANG_ENABLE_OBJC_WEAK = YES;
				CLANG_WARN_BLOCK_CAPTURE_AUTORELEASING = YES;
				CLANG_WARN_BOOL_CONVERSION = YES;
				CLANG_WARN_COMMA = YES;
				CLANG_WARN_CONSTANT_CONVERSION = YES;
				CLANG_WARN_DEPRECATED_OBJC_IMPLEMENTATIONS = YES;
				CLANG_WARN_DIRECT_OBJC_ISA_USAGE = YES_ERROR;
				CLANG_WARN_DOCUMENTATION_COMMENTS = YES;
				CLANG_WARN_EMPTY_BODY = YES;
				CLANG_WARN_ENUM_CONVERSION = YES;
				CLANG_WARN_INFINITE_RECURSION = YES;
				CLANG_WARN_INT_CONVERSION = YES;
				CLANG_WARN_NON_LITERAL_NULL_CONVERSION = YES;
				CLANG_WARN_OBJC_IMPLICIT_RETAIN_SELF = YES;
				CLANG_WARN_OBJC_LITERAL_CONVERSION = YES;
				CLANG_WARN_OBJC_ROOT_CLASS = YES_ERROR;
				CLANG_WARN_RANGE_LOOP_ANALYSIS = YES;
				CLANG_WARN_STRICT_PROTOTYPES = YES;
				CLANG_WARN_SUSPICIOUS_MOVE = YES;
				CLANG_WARN_UNGUARDED_AVAILABILITY = YES_AGGRESSIVE;
				CLANG_WARN_UNREACHABLE_CODE = YES;
				CLANG_WARN__DUPLICATE_METHOD_MATCH = YES;
				CODE_SIGN_IDENTITY = "iPhone Developer";
				COPY_PHASE_STRIP = NO;
				DEBUG_INFORMATION_FORMAT = dwarf;
				ENABLE_STRICT_OBJC_MSGSEND = YES;
				ENABLE_TESTABILITY = YES;
				GCC_C_LANGUAGE_STANDARD = gnu11;
				GCC_DYNAMIC_NO_PIC = NO;
				GCC_NO_COMMON_BLOCKS = YES;
				GCC_OPTIMIZATION_LEVEL = 0;
				GCC_PREPROCESSOR_DEFINITIONS = (
					"DEBUG=1",
					"$(inherited)",
				);
				GCC_WARN_64_TO_32_BIT_CONVERSION = YES;
				GCC_WARN_ABOUT_RETURN_TYPE = YES_ERROR;
				GCC_WARN_UNDECLARED_SELECTOR = YES;
				GCC_WARN_UNINITIALIZED_AUTOS = YES_AGGRESSIVE;
				GCC_WARN_UNUSED_FUNCTION = YES;
				GCC_WARN_UNUSED_VARIABLE = YES;
				IPHONEOS_DEPLOYMENT_TARGET = 12.4;
				MTL_ENABLE_DEBUG_INFO = INCLUDE_SOURCE;
				MTL_FAST_MATH = YES;
				ONLY_ACTIVE_ARCH = YES;
				SDKROOT = iphoneos;
				SWIFT_ACTIVE_COMPILATION_CONDITIONS = DEBUG;
				SWIFT_OPTIMIZATION_LEVEL = "-Onone";
			};
			name = Debug;
		};
		AC428A502312DC5F006F0485 /* Release */ = {
			isa = XCBuildConfiguration;
			buildSettings = {
				ALWAYS_SEARCH_USER_PATHS = NO;
				CLANG_ANALYZER_NONNULL = YES;
				CLANG_ANALYZER_NUMBER_OBJECT_CONVERSION = YES_AGGRESSIVE;
				CLANG_CXX_LANGUAGE_STANDARD = "gnu++14";
				CLANG_CXX_LIBRARY = "libc++";
				CLANG_ENABLE_MODULES = YES;
				CLANG_ENABLE_OBJC_ARC = YES;
				CLANG_ENABLE_OBJC_WEAK = YES;
				CLANG_WARN_BLOCK_CAPTURE_AUTORELEASING = YES;
				CLANG_WARN_BOOL_CONVERSION = YES;
				CLANG_WARN_COMMA = YES;
				CLANG_WARN_CONSTANT_CONVERSION = YES;
				CLANG_WARN_DEPRECATED_OBJC_IMPLEMENTATIONS = YES;
				CLANG_WARN_DIRECT_OBJC_ISA_USAGE = YES_ERROR;
				CLANG_WARN_DOCUMENTATION_COMMENTS = YES;
				CLANG_WARN_EMPTY_BODY = YES;
				CLANG_WARN_ENUM_CONVERSION = YES;
				CLANG_WARN_INFINITE_RECURSION = YES;
				CLANG_WARN_INT_CONVERSION = YES;
				CLANG_WARN_NON_LITERAL_NULL_CONVERSION = YES;
				CLANG_WARN_OBJC_IMPLICIT_RETAIN_SELF = YES;
				CLANG_WARN_OBJC_LITERAL_CONVERSION = YES;
				CLANG_WARN_OBJC_ROOT_CLASS = YES_ERROR;
				CLANG_WARN_RANGE_LOOP_ANALYSIS = YES;
				CLANG_WARN_STRICT_PROTOTYPES = YES;
				CLANG_WARN_SUSPICIOUS_MOVE = YES;
				CLANG_WARN_UNGUARDED_AVAILABILITY = YES_AGGRESSIVE;
				CLANG_WARN_UNREACHABLE_CODE = YES;
				CLANG_WARN__DUPLICATE_METHOD_MATCH = YES;
				CODE_SIGN_IDENTITY = "iPhone Developer";
				COPY_PHASE_STRIP = NO;
				DEBUG_INFORMATION_FORMAT = "dwarf-with-dsym";
				ENABLE_NS_ASSERTIONS = NO;
				ENABLE_STRICT_OBJC_MSGSEND = YES;
				GCC_C_LANGUAGE_STANDARD = gnu11;
				GCC_NO_COMMON_BLOCKS = YES;
				GCC_WARN_64_TO_32_BIT_CONVERSION = YES;
				GCC_WARN_ABOUT_RETURN_TYPE = YES_ERROR;
				GCC_WARN_UNDECLARED_SELECTOR = YES;
				GCC_WARN_UNINITIALIZED_AUTOS = YES_AGGRESSIVE;
				GCC_WARN_UNUSED_FUNCTION = YES;
				GCC_WARN_UNUSED_VARIABLE = YES;
				IPHONEOS_DEPLOYMENT_TARGET = 12.4;
				MTL_ENABLE_DEBUG_INFO = NO;
				MTL_FAST_MATH = YES;
				SDKROOT = iphoneos;
				SWIFT_COMPILATION_MODE = wholemodule;
				SWIFT_OPTIMIZATION_LEVEL = "-O";
				VALIDATE_PRODUCT = YES;
			};
			name = Release;
		};
		AC428A522312DC5F006F0485 /* Debug */ = {
			isa = XCBuildConfiguration;
			buildSettings = {
				ASSETCATALOG_COMPILER_APPICON_NAME = AppIcon;
				CODE_SIGN_STYLE = Automatic;
				DEVELOPMENT_TEAM = H3U3EZR867;
				INFOPLIST_FILE = CatchEm/Info.plist;
				LD_RUNPATH_SEARCH_PATHS = (
					"$(inherited)",
					"@executable_path/Frameworks",
				);
				PRODUCT_BUNDLE_IDENTIFIER = com.mrtmedia.CatchEm;
				PRODUCT_NAME = "$(TARGET_NAME)";
				SWIFT_VERSION = 5.0;
				TARGETED_DEVICE_FAMILY = "1,2";
			};
			name = Debug;
		};
		AC428A532312DC5F006F0485 /* Release */ = {
			isa = XCBuildConfiguration;
			buildSettings = {
				ASSETCATALOG_COMPILER_APPICON_NAME = AppIcon;
				CODE_SIGN_STYLE = Automatic;
				DEVELOPMENT_TEAM = H3U3EZR867;
				INFOPLIST_FILE = CatchEm/Info.plist;
				LD_RUNPATH_SEARCH_PATHS = (
					"$(inherited)",
					"@executable_path/Frameworks",
				);
				PRODUCT_BUNDLE_IDENTIFIER = com.mrtmedia.CatchEm;
				PRODUCT_NAME = "$(TARGET_NAME)";
				SWIFT_VERSION = 5.0;
				TARGETED_DEVICE_FAMILY = "1,2";
			};
			name = Release;
		};
/* End XCBuildConfiguration section */

/* Begin XCConfigurationList section */
		AC428A342312DC5D006F0485 /* Build configuration list for PBXProject "CatchEm" */ = {
			isa = XCConfigurationList;
			buildConfigurations = (
				AC428A4F2312DC5F006F0485 /* Debug */,
				AC428A502312DC5F006F0485 /* Release */,
			);
			defaultConfigurationIsVisible = 0;
			defaultConfigurationName = Release;
		};
		AC428A512312DC5F006F0485 /* Build configuration list for PBXNativeTarget "CatchEm" */ = {
			isa = XCConfigurationList;
			buildConfigurations = (
				AC428A522312DC5F006F0485 /* Debug */,
				AC428A532312DC5F006F0485 /* Release */,
			);
			defaultConfigurationIsVisible = 0;
			defaultConfigurationName = Release;
		};
/* End XCConfigurationList section */
	};
	rootObject = AC428A312312DC5D006F0485 /* Project object */;
}
